// !$*UTF8*$!
{
	archiveVersion = 1;
	classes = {
	};
	objectVersion = 56;
	objects = {

/* Begin PBXBuildFile section */
		33E9CC7A9E365F20C79C9761 /* Pods_ChineseLDSBooks_iOS.framework in Frameworks */ = {isa = PBXBuildFile; fileRef = 32E88B945C421127197E6C36 /* Pods_ChineseLDSBooks_iOS.framework */; };
		AF7CD61A2DCC5202003D9F37 /* AppDelegate.swift in Sources */ = {isa = PBXBuildFile; fileRef = AF7CD6192DCC5202003D9F37 /* AppDelegate.swift */; };
		AF7CD61C2DCC5202003D9F37 /* SceneDelegate.swift in Sources */ = {isa = PBXBuildFile; fileRef = AF7CD61B2DCC5202003D9F37 /* SceneDelegate.swift */; };
		AF7CD61E2DCC5202003D9F37 /* ViewController.swift in Sources */ = {isa = PBXBuildFile; fileRef = AF7CD61D2DCC5202003D9F37 /* ViewController.swift */; };
		AF7CD6212DCC5202003D9F37 /* Main.storyboard in Resources */ = {isa = PBXBuildFile; fileRef = AF7CD61F2DCC5202003D9F37 /* Main.storyboard */; };
		AF7CD6232DCC5204003D9F37 /* Assets.xcassets in Resources */ = {isa = PBXBuildFile; fileRef = AF7CD6222DCC5204003D9F37 /* Assets.xcassets */; };
		AF7CD6262DCC5204003D9F37 /* LaunchScreen.storyboard in Resources */ = {isa = PBXBuildFile; fileRef = AF7CD6242DCC5204003D9F37 /* LaunchScreen.storyboard */; };
/* End PBXBuildFile section */

/* Begin PBXFileReference section */
		2E7032629DCB55BE32ECFBE4 /* Pods-ChineseLDSBooks-iOS.debug.xcconfig */ = {isa = PBXFileReference; includeInIndex = 1; lastKnownFileType = text.xcconfig; name = "Pods-ChineseLDSBooks-iOS.debug.xcconfig"; path = "Target Support Files/Pods-ChineseLDSBooks-iOS/Pods-ChineseLDSBooks-iOS.debug.xcconfig"; sourceTree = "<group>"; };
		32E88B945C421127197E6C36 /* Pods_ChineseLDSBooks_iOS.framework */ = {isa = PBXFileReference; explicitFileType = wrapper.framework; includeInIndex = 0; path = Pods_ChineseLDSBooks_iOS.framework; sourceTree = BUILT_PRODUCTS_DIR; };
		3D5521A4A2D902AB1EC40BA8 /* Pods-ChineseLDSBooks-iOS.release.xcconfig */ = {isa = PBXFileReference; includeInIndex = 1; lastKnownFileType = text.xcconfig; name = "Pods-ChineseLDSBooks-iOS.release.xcconfig"; path = "Target Support Files/Pods-ChineseLDSBooks-iOS/Pods-ChineseLDSBooks-iOS.release.xcconfig"; sourceTree = "<group>"; };
		AF7CD6162DCC5202003D9F37 /* ChineseLDSBooks-iOS.app */ = {isa = PBXFileReference; explicitFileType = wrapper.application; includeInIndex = 0; path = "ChineseLDSBooks-iOS.app"; sourceTree = BUILT_PRODUCTS_DIR; };
		AF7CD6192DCC5202003D9F37 /* AppDelegate.swift */ = {isa = PBXFileReference; lastKnownFileType = sourcecode.swift; path = AppDelegate.swift; sourceTree = "<group>"; };
		AF7CD61B2DCC5202003D9F37 /* SceneDelegate.swift */ = {isa = PBXFileReference; lastKnownFileType = sourcecode.swift; path = SceneDelegate.swift; sourceTree = "<group>"; };
		AF7CD61D2DCC5202003D9F37 /* ViewController.swift */ = {isa = PBXFileReference; lastKnownFileType = sourcecode.swift; path = ViewController.swift; sourceTree = "<group>"; };
		AF7CD6202DCC5202003D9F37 /* Base */ = {isa = PBXFileReference; lastKnownFileType = file.storyboard; name = Base; path = Base.lproj/Main.storyboard; sourceTree = "<group>"; };
		AF7CD6222DCC5204003D9F37 /* Assets.xcassets */ = {isa = PBXFileReference; lastKnownFileType = folder.assetcatalog; path = Assets.xcassets; sourceTree = "<group>"; };
		AF7CD6252DCC5204003D9F37 /* Base */ = {isa = PBXFileReference; lastKnownFileType = file.storyboard; name = Base; path = Base.lproj/LaunchScreen.storyboard; sourceTree = "<group>"; };
		AF7CD6272DCC5204003D9F37 /* Info.plist */ = {isa = PBXFileReference; lastKnownFileType = text.plist.xml; path = Info.plist; sourceTree = "<group>"; };
/* End PBXFileReference section */

/* Begin PBXFrameworksBuildPhase section */
		AF7CD6132DCC5202003D9F37 /* Frameworks */ = {
			isa = PBXFrameworksBuildPhase;
			buildActionMask = 2147483647;
			files = (
				33E9CC7A9E365F20C79C9761 /* Pods_ChineseLDSBooks_iOS.framework in Frameworks */,
			);
			runOnlyForDeploymentPostprocessing = 0;
		};
/* End PBXFrameworksBuildPhase section */

/* Begin PBXGroup section */
		AF7CD60D2DCC5202003D9F37 = {
			isa = PBXGroup;
			children = (
				AF7CD6182DCC5202003D9F37 /* ChineseLDSBooks-iOS */,
				AF7CD6172DCC5202003D9F37 /* Products */,
				C52C0A6125CF20E282AB24FD /* Pods */,
				ED53699D4400D8C2B82B23C4 /* Frameworks */,
			);
			sourceTree = "<group>";
		};
		AF7CD6172DCC5202003D9F37 /* Products */ = {
			isa = PBXGroup;
			children = (
				AF7CD6162DCC5202003D9F37 /* ChineseLDSBooks-iOS.app */,
			);
			name = Products;
			sourceTree = "<group>";
		};
		AF7CD6182DCC5202003D9F37 /* ChineseLDSBooks-iOS */ = {
			isa = PBXGroup;
			children = (
				AF7CD6192DCC5202003D9F37 /* AppDelegate.swift */,
				AF7CD61B2DCC5202003D9F37 /* SceneDelegate.swift */,
				AF7CD61D2DCC5202003D9F37 /* ViewController.swift */,
				AF7CD61F2DCC5202003D9F37 /* Main.storyboard */,
				AF7CD6222DCC5204003D9F37 /* Assets.xcassets */,
				AF7CD6242DCC5204003D9F37 /* LaunchScreen.storyboard */,
				AF7CD6272DCC5204003D9F37 /* Info.plist */,
			);
			path = "ChineseLDSBooks-iOS";
			sourceTree = "<group>";
		};
		C52C0A6125CF20E282AB24FD /* Pods */ = {
			isa = PBXGroup;
			children = (
				2E7032629DCB55BE32ECFBE4 /* Pods-ChineseLDSBooks-iOS.debug.xcconfig */,
				3D5521A4A2D902AB1EC40BA8 /* Pods-ChineseLDSBooks-iOS.release.xcconfig */,
			);
			name = Pods;
			path = Pods;
			sourceTree = "<group>";
		};
		ED53699D4400D8C2B82B23C4 /* Frameworks */ = {
			isa = PBXGroup;
			children = (
				32E88B945C421127197E6C36 /* Pods_ChineseLDSBooks_iOS.framework */,
			);
			name = Frameworks;
			sourceTree = "<group>";
		};
/* End PBXGroup section */

/* Begin PBXNativeTarget section */
		AF7CD6152DCC5202003D9F37 /* ChineseLDSBooks-iOS */ = {
			isa = PBXNativeTarget;
			buildConfigurationList = AF7CD62A2DCC5204003D9F37 /* Build configuration list for PBXNativeTarget "ChineseLDSBooks-iOS" */;
			buildPhases = (
				CCF17E66F23A178B0ED740D7 /* [CP] Check Pods Manifest.lock */,
				AF7CD6122DCC5202003D9F37 /* Sources */,
				AF7CD6132DCC5202003D9F37 /* Frameworks */,
				AF7CD6142DCC5202003D9F37 /* Resources */,
				3531EF5A0E4EE72023C4722A /* [CP] Embed Pods Frameworks */,
			);
			buildRules = (
			);
			dependencies = (
			);
			name = "ChineseLDSBooks-iOS";
			productName = "ChineseLDSBooks-iOS";
			productReference = AF7CD6162DCC5202003D9F37 /* ChineseLDSBooks-iOS.app */;
			productType = "com.apple.product-type.application";
		};
/* End PBXNativeTarget section */

/* Begin PBXProject section */
		AF7CD60E2DCC5202003D9F37 /* Project object */ = {
			isa = PBXProject;
			attributes = {
				BuildIndependentTargetsInParallel = 1;
				LastSwiftUpdateCheck = 1420;
				LastUpgradeCheck = 1420;
				TargetAttributes = {
					AF7CD6152DCC5202003D9F37 = {
						CreatedOnToolsVersion = 14.2;
					};
				};
			};
			buildConfigurationList = AF7CD6112DCC5202003D9F37 /* Build configuration list for PBXProject "ChineseLDSBooks-iOS" */;
			compatibilityVersion = "Xcode 14.0";
			developmentRegion = en;
			hasScannedForEncodings = 0;
			knownRegions = (
				en,
				Base,
			);
			mainGroup = AF7CD60D2DCC5202003D9F37;
			productRefGroup = AF7CD6172DCC5202003D9F37 /* Products */;
			projectDirPath = "";
			projectRoot = "";
			targets = (
				AF7CD6152DCC5202003D9F37 /* ChineseLDSBooks-iOS */,
			);
		};
/* End PBXProject section */

/* Begin PBXResourcesBuildPhase section */
		AF7CD6142DCC5202003D9F37 /* Resources */ = {
			isa = PBXResourcesBuildPhase;
			buildActionMask = 2147483647;
			files = (
				AF7CD6262DCC5204003D9F37 /* LaunchScreen.storyboard in Resources */,
				AF7CD6232DCC5204003D9F37 /* Assets.xcassets in Resources */,
				AF7CD6212DCC5202003D9F37 /* Main.storyboard in Resources */,
			);
			runOnlyForDeploymentPostprocessing = 0;
		};
/* End PBXResourcesBuildPhase section */

/* Begin PBXShellScriptBuildPhase section */
		3531EF5A0E4EE72023C4722A /* [CP] Embed Pods Frameworks */ = {
			isa = PBXShellScriptBuildPhase;
			buildActionMask = 2147483647;
			files = (
			);
			inputFileListPaths = (
				"${PODS_ROOT}/Target Support Files/Pods-ChineseLDSBooks-iOS/Pods-ChineseLDSBooks-iOS-frameworks-${CONFIGURATION}-input-files.xcfilelist",
			);
			name = "[CP] Embed Pods Frameworks";
			outputFileListPaths = (
				"${PODS_ROOT}/Target Support Files/Pods-ChineseLDSBooks-iOS/Pods-ChineseLDSBooks-iOS-frameworks-${CONFIGURATION}-output-files.xcfilelist",
			);
			runOnlyForDeploymentPostprocessing = 0;
			shellPath = /bin/sh;
			shellScript = "\"${PODS_ROOT}/Target Support Files/Pods-ChineseLDSBooks-iOS/Pods-ChineseLDSBooks-iOS-frameworks.sh\"\n";
			showEnvVarsInLog = 0;
		};
		CCF17E66F23A178B0ED740D7 /* [CP] Check Pods Manifest.lock */ = {
			isa = PBXShellScriptBuildPhase;
			buildActionMask = 2147483647;
			files = (
			);
			inputFileListPaths = (
			);
			inputPaths = (
				"${PODS_PODFILE_DIR_PATH}/Podfile.lock",
				"${PODS_ROOT}/Manifest.lock",
			);
			name = "[CP] Check Pods Manifest.lock";
			outputFileListPaths = (
			);
			outputPaths = (
				"$(DERIVED_FILE_DIR)/Pods-ChineseLDSBooks-iOS-checkManifestLockResult.txt",
			);
			runOnlyForDeploymentPostprocessing = 0;
			shellPath = /bin/sh;
			shellScript = "diff \"${PODS_PODFILE_DIR_PATH}/Podfile.lock\" \"${PODS_ROOT}/Manifest.lock\" > /dev/null\nif [ $? != 0 ] ; then\n    # print error to STDERR\n    echo \"error: The sandbox is not in sync with the Podfile.lock. Run 'pod install' or update your CocoaPods installation.\" >&2\n    exit 1\nfi\n# This output is used by Xcode 'outputs' to avoid re-running this script phase.\necho \"SUCCESS\" > \"${SCRIPT_OUTPUT_FILE_0}\"\n";
			showEnvVarsInLog = 0;
		};
/* End PBXShellScriptBuildPhase section */

/* Begin PBXSourcesBuildPhase section */
		AF7CD6122DCC5202003D9F37 /* Sources */ = {
			isa = PBXSourcesBuildPhase;
			buildActionMask = 2147483647;
			files = (
				AF7CD61E2DCC5202003D9F37 /* ViewController.swift in Sources */,
				AF7CD61A2DCC5202003D9F37 /* AppDelegate.swift in Sources */,
				AF7CD61C2DCC5202003D9F37 /* SceneDelegate.swift in Sources */,
			);
			runOnlyForDeploymentPostprocessing = 0;
		};
/* End PBXSourcesBuildPhase section */

/* Begin PBXVariantGroup section */
		AF7CD61F2DCC5202003D9F37 /* Main.storyboard */ = {
			isa = PBXVariantGroup;
			children = (
				AF7CD6202DCC5202003D9F37 /* Base */,
			);
			name = Main.storyboard;
			sourceTree = "<group>";
		};
		AF7CD6242DCC5204003D9F37 /* LaunchScreen.storyboard */ = {
			isa = PBXVariantGroup;
			children = (
				AF7CD6252DCC5204003D9F37 /* Base */,
			);
			name = LaunchScreen.storyboard;
			sourceTree = "<group>";
		};
/* End PBXVariantGroup section */

/* Begin XCBuildConfiguration section */
		AF7CD6282DCC5204003D9F37 /* Debug */ = {
			isa = XCBuildConfiguration;
			buildSettings = {
				ALWAYS_SEARCH_USER_PATHS = NO;
				CLANG_ANALYZER_NONNULL = YES;
				CLANG_ANALYZER_NUMBER_OBJECT_CONVERSION = YES_AGGRESSIVE;
				CLANG_CXX_LANGUAGE_STANDARD = "gnu++20";
				CLANG_ENABLE_MODULES = YES;
				CLANG_ENABLE_OBJC_ARC = YES;
				CLANG_ENABLE_OBJC_WEAK = YES;
				CLANG_WARN_BLOCK_CAPTURE_AUTORELEASING = YES;
				CLANG_WARN_BOOL_CONVERSION = YES;
				CLANG_WARN_COMMA = YES;
				CLANG_WARN_CONSTANT_CONVERSION = YES;
				CLANG_WARN_DEPRECATED_OBJC_IMPLEMENTATIONS = YES;
				CLANG_WARN_DIRECT_OBJC_ISA_USAGE = YES_ERROR;
				CLANG_WARN_DOCUMENTATION_COMMENTS = YES;
				CLANG_WARN_EMPTY_BODY = YES;
				CLANG_WARN_ENUM_CONVERSION = YES;
				CLANG_WARN_INFINITE_RECURSION = YES;
				CLANG_WARN_INT_CONVERSION = YES;
				CLANG_WARN_NON_LITERAL_NULL_CONVERSION = YES;
				CLANG_WARN_OBJC_IMPLICIT_RETAIN_SELF = YES;
				CLANG_WARN_OBJC_LITERAL_CONVERSION = YES;
				CLANG_WARN_OBJC_ROOT_CLASS = YES_ERROR;
				CLANG_WARN_QUOTED_INCLUDE_IN_FRAMEWORK_HEADER = YES;
				CLANG_WARN_RANGE_LOOP_ANALYSIS = YES;
				CLANG_WARN_STRICT_PROTOTYPES = YES;
				CLANG_WARN_SUSPICIOUS_MOVE = YES;
				CLANG_WARN_UNGUARDED_AVAILABILITY = YES_AGGRESSIVE;
				CLANG_WARN_UNREACHABLE_CODE = YES;
				CLANG_WARN__DUPLICATE_METHOD_MATCH = YES;
				COPY_PHASE_STRIP = NO;
				DEBUG_INFORMATION_FORMAT = dwarf;
				ENABLE_STRICT_OBJC_MSGSEND = YES;
				ENABLE_TESTABILITY = YES;
				GCC_C_LANGUAGE_STANDARD = gnu11;
				GCC_DYNAMIC_NO_PIC = NO;
				GCC_NO_COMMON_BLOCKS = YES;
				GCC_OPTIMIZATION_LEVEL = 0;
				GCC_PREPROCESSOR_DEFINITIONS = (
					"DEBUG=1",
					"$(inherited)",
				);
				GCC_WARN_64_TO_32_BIT_CONVERSION = YES;
				GCC_WARN_ABOUT_RETURN_TYPE = YES_ERROR;
				GCC_WARN_UNDECLARED_SELECTOR = YES;
				GCC_WARN_UNINITIALIZED_AUTOS = YES_AGGRESSIVE;
				GCC_WARN_UNUSED_FUNCTION = YES;
				GCC_WARN_UNUSED_VARIABLE = YES;
				IPHONEOS_DEPLOYMENT_TARGET = 16.2;
				MTL_ENABLE_DEBUG_INFO = INCLUDE_SOURCE;
				MTL_FAST_MATH = YES;
				ONLY_ACTIVE_ARCH = YES;
				SDKROOT = iphoneos;
				SWIFT_ACTIVE_COMPILATION_CONDITIONS = DEBUG;
				SWIFT_OPTIMIZATION_LEVEL = "-Onone";
			};
			name = Debug;
		};
		AF7CD6292DCC5204003D9F37 /* Release */ = {
			isa = XCBuildConfiguration;
			buildSettings = {
				ALWAYS_SEARCH_USER_PATHS = NO;
				CLANG_ANALYZER_NONNULL = YES;
				CLANG_ANALYZER_NUMBER_OBJECT_CONVERSION = YES_AGGRESSIVE;
				CLANG_CXX_LANGUAGE_STANDARD = "gnu++20";
				CLANG_ENABLE_MODULES = YES;
				CLANG_ENABLE_OBJC_ARC = YES;
				CLANG_ENABLE_OBJC_WEAK = YES;
				CLANG_WARN_BLOCK_CAPTURE_AUTORELEASING = YES;
				CLANG_WARN_BOOL_CONVERSION = YES;
				CLANG_WARN_COMMA = YES;
				CLANG_WARN_CONSTANT_CONVERSION = YES;
				CLANG_WARN_DEPRECATED_OBJC_IMPLEMENTATIONS = YES;
				CLANG_WARN_DIRECT_OBJC_ISA_USAGE = YES_ERROR;
				CLANG_WARN_DOCUMENTATION_COMMENTS = YES;
				CLANG_WARN_EMPTY_BODY = YES;
				CLANG_WARN_ENUM_CONVERSION = YES;
				CLANG_WARN_INFINITE_RECURSION = YES;
				CLANG_WARN_INT_CONVERSION = YES;
				CLANG_WARN_NON_LITERAL_NULL_CONVERSION = YES;
				CLANG_WARN_OBJC_IMPLICIT_RETAIN_SELF = YES;
				CLANG_WARN_OBJC_LITERAL_CONVERSION = YES;
				CLANG_WARN_OBJC_ROOT_CLASS = YES_ERROR;
				CLANG_WARN_QUOTED_INCLUDE_IN_FRAMEWORK_HEADER = YES;
				CLANG_WARN_RANGE_LOOP_ANALYSIS = YES;
				CLANG_WARN_STRICT_PROTOTYPES = YES;
				CLANG_WARN_SUSPICIOUS_MOVE = YES;
				CLANG_WARN_UNGUARDED_AVAILABILITY = YES_AGGRESSIVE;
				CLANG_WARN_UNREACHABLE_CODE = YES;
				CLANG_WARN__DUPLICATE_METHOD_MATCH = YES;
				COPY_PHASE_STRIP = NO;
				DEBUG_INFORMATION_FORMAT = "dwarf-with-dsym";
				ENABLE_NS_ASSERTIONS = NO;
				ENABLE_STRICT_OBJC_MSGSEND = YES;
				GCC_C_LANGUAGE_STANDARD = gnu11;
				GCC_NO_COMMON_BLOCKS = YES;
				GCC_WARN_64_TO_32_BIT_CONVERSION = YES;
				GCC_WARN_ABOUT_RETURN_TYPE = YES_ERROR;
				GCC_WARN_UNDECLARED_SELECTOR = YES;
				GCC_WARN_UNINITIALIZED_AUTOS = YES_AGGRESSIVE;
				GCC_WARN_UNUSED_FUNCTION = YES;
				GCC_WARN_UNUSED_VARIABLE = YES;
				IPHONEOS_DEPLOYMENT_TARGET = 16.2;
				MTL_ENABLE_DEBUG_INFO = NO;
				MTL_FAST_MATH = YES;
				SDKROOT = iphoneos;
				SWIFT_COMPILATION_MODE = wholemodule;
				SWIFT_OPTIMIZATION_LEVEL = "-O";
				VALIDATE_PRODUCT = YES;
			};
			name = Release;
		};
		AF7CD62B2DCC5204003D9F37 /* Debug */ = {
			isa = XCBuildConfiguration;
			baseConfigurationReference = 2E7032629DCB55BE32ECFBE4 /* Pods-ChineseLDSBooks-iOS.debug.xcconfig */;
			buildSettings = {
				ASSETCATALOG_COMPILER_APPICON_NAME = AppIcon;
				ASSETCATALOG_COMPILER_GLOBAL_ACCENT_COLOR_NAME = AccentColor;
				CODE_SIGN_STYLE = Automatic;
				CURRENT_PROJECT_VERSION = 1;
				DEVELOPMENT_TEAM = MP57993BYD;
				GENERATE_INFOPLIST_FILE = YES;
				INFOPLIST_FILE = "ChineseLDSBooks-iOS/Info.plist";
				INFOPLIST_KEY_LSApplicationCategoryType = "public.app-category.books";
				INFOPLIST_KEY_UIApplicationSupportsIndirectInputEvents = YES;
				INFOPLIST_KEY_UILaunchStoryboardName = LaunchScreen;
				INFOPLIST_KEY_UIMainStoryboardFile = Main;
				INFOPLIST_KEY_UISupportedInterfaceOrientations = "UIInterfaceOrientationLandscapeLeft UIInterfaceOrientationLandscapeRight UIInterfaceOrientationPortrait";
				INFOPLIST_KEY_UISupportedInterfaceOrientations_iPad = "UIInterfaceOrientationLandscapeLeft UIInterfaceOrientationLandscapeRight UIInterfaceOrientationPortraitUpsideDown";
				IPHONEOS_DEPLOYMENT_TARGET = 13.6;
				LD_RUNPATH_SEARCH_PATHS = (
					"$(inherited)",
					"@executable_path/Frameworks",
				);
				MARKETING_VERSION = 1.0;
				PRODUCT_BUNDLE_IDENTIFIER = "com.ytechtrade.scriptures.ChineseLDSBooks-iOS";
				PRODUCT_NAME = "$(TARGET_NAME)";
				SWIFT_EMIT_LOC_STRINGS = YES;
				SWIFT_VERSION = 5.0;
				TARGETED_DEVICE_FAMILY = "1,2";
			};
			name = Debug;
		};
		AF7CD62C2DCC5204003D9F37 /* Release */ = {
			isa = XCBuildConfiguration;
			baseConfigurationReference = 3D5521A4A2D902AB1EC40BA8 /* Pods-ChineseLDSBooks-iOS.release.xcconfig */;
			buildSettings = {
				ASSETCATALOG_COMPILER_APPICON_NAME = AppIcon;
				ASSETCATALOG_COMPILER_GLOBAL_ACCENT_COLOR_NAME = AccentColor;
				CODE_SIGN_STYLE = Automatic;
				CURRENT_PROJECT_VERSION = 1;
				DEVELOPMENT_TEAM = MP57993BYD;
				GENERATE_INFOPLIST_FILE = YES;
				INFOPLIST_FILE = "ChineseLDSBooks-iOS/Info.plist";
				INFOPLIST_KEY_LSApplicationCategoryType = "public.app-category.books";
				INFOPLIST_KEY_UIApplicationSupportsIndirectInputEvents = YES;
				INFOPLIST_KEY_UILaunchStoryboardName = LaunchScreen;
				INFOPLIST_KEY_UIMainStoryboardFile = Main;
				INFOPLIST_KEY_UISupportedInterfaceOrientations = "UIInterfaceOrientationLandscapeLeft UIInterfaceOrientationLandscapeRight UIInterfaceOrientationPortrait";
				INFOPLIST_KEY_UISupportedInterfaceOrientations_iPad = "UIInterfaceOrientationLandscapeLeft UIInterfaceOrientationLandscapeRight UIInterfaceOrientationPortraitUpsideDown";
				IPHONEOS_DEPLOYMENT_TARGET = 13.6;
				LD_RUNPATH_SEARCH_PATHS = (
					"$(inherited)",
					"@executable_path/Frameworks",
				);
				MARKETING_VERSION = 1.0;
				PRODUCT_BUNDLE_IDENTIFIER = "com.ytechtrade.scriptures.ChineseLDSBooks-iOS";
				PRODUCT_NAME = "$(TARGET_NAME)";
				SWIFT_EMIT_LOC_STRINGS = YES;
				SWIFT_VERSION = 5.0;
				TARGETED_DEVICE_FAMILY = "1,2";
			};
			name = Release;
		};
/* End XCBuildConfiguration section */

/* Begin XCConfigurationList section */
		AF7CD6112DCC5202003D9F37 /* Build configuration list for PBXProject "ChineseLDSBooks-iOS" */ = {
			isa = XCConfigurationList;
			buildConfigurations = (
				AF7CD6282DCC5204003D9F37 /* Debug */,
				AF7CD6292DCC5204003D9F37 /* Release */,
			);
			defaultConfigurationIsVisible = 0;
			defaultConfigurationName = Release;
		};
		AF7CD62A2DCC5204003D9F37 /* Build configuration list for PBXNativeTarget "ChineseLDSBooks-iOS" */ = {
			isa = XCConfigurationList;
			buildConfigurations = (
				AF7CD62B2DCC5204003D9F37 /* Debug */,
				AF7CD62C2DCC5204003D9F37 /* Release */,
			);
			defaultConfigurationIsVisible = 0;
			defaultConfigurationName = Release;
		};
/* End XCConfigurationList section */
	};
	rootObject = AF7CD60E2DCC5202003D9F37 /* Project object */;
}
